// !$*UTF8*$!
{
	archiveVersion = 1;
	classes = {
	};
	objectVersion = 50;
	objects = {

/* Begin PBXBuildFile section */
		041FD09B23E84A60002C2596 /* AppDelegate.swift in Sources */ = {isa = PBXBuildFile; fileRef = 041FD09A23E84A60002C2596 /* AppDelegate.swift */; };
		041FD09D23E84A60002C2596 /* ViewController.swift in Sources */ = {isa = PBXBuildFile; fileRef = 041FD09C23E84A60002C2596 /* ViewController.swift */; };
		041FD0A023E84A60002C2596 /* Main.storyboard in Resources */ = {isa = PBXBuildFile; fileRef = 041FD09E23E84A60002C2596 /* Main.storyboard */; };
		041FD0A323E84A60002C2596 /* ResturentAppTest.xcdatamodeld in Sources */ = {isa = PBXBuildFile; fileRef = 041FD0A123E84A60002C2596 /* ResturentAppTest.xcdatamodeld */; };
		041FD0A523E84A64002C2596 /* Assets.xcassets in Resources */ = {isa = PBXBuildFile; fileRef = 041FD0A423E84A64002C2596 /* Assets.xcassets */; };
		041FD0A823E84A64002C2596 /* LaunchScreen.storyboard in Resources */ = {isa = PBXBuildFile; fileRef = 041FD0A623E84A64002C2596 /* LaunchScreen.storyboard */; };
/* End PBXBuildFile section */

/* Begin PBXFileReference section */
		041FD09723E84A60002C2596 /* ResturentAppTest.app */ = {isa = PBXFileReference; explicitFileType = wrapper.application; includeInIndex = 0; path = ResturentAppTest.app; sourceTree = BUILT_PRODUCTS_DIR; };
		041FD09A23E84A60002C2596 /* AppDelegate.swift */ = {isa = PBXFileReference; lastKnownFileType = sourcecode.swift; path = AppDelegate.swift; sourceTree = "<group>"; };
		041FD09C23E84A60002C2596 /* ViewController.swift */ = {isa = PBXFileReference; lastKnownFileType = sourcecode.swift; path = ViewController.swift; sourceTree = "<group>"; };
		041FD09F23E84A60002C2596 /* Base */ = {isa = PBXFileReference; lastKnownFileType = file.storyboard; name = Base; path = Base.lproj/Main.storyboard; sourceTree = "<group>"; };
		041FD0A223E84A60002C2596 /* ResturentAppTest.xcdatamodel */ = {isa = PBXFileReference; lastKnownFileType = wrapper.xcdatamodel; path = ResturentAppTest.xcdatamodel; sourceTree = "<group>"; };
		041FD0A423E84A64002C2596 /* Assets.xcassets */ = {isa = PBXFileReference; lastKnownFileType = folder.assetcatalog; path = Assets.xcassets; sourceTree = "<group>"; };
		041FD0A723E84A64002C2596 /* Base */ = {isa = PBXFileReference; lastKnownFileType = file.storyboard; name = Base; path = Base.lproj/LaunchScreen.storyboard; sourceTree = "<group>"; };
		041FD0A923E84A64002C2596 /* Info.plist */ = {isa = PBXFileReference; lastKnownFileType = text.plist.xml; path = Info.plist; sourceTree = "<group>"; };
/* End PBXFileReference section */

/* Begin PBXFrameworksBuildPhase section */
		041FD09423E84A60002C2596 /* Frameworks */ = {
			isa = PBXFrameworksBuildPhase;
			buildActionMask = 2147483647;
			files = (
			);
			runOnlyForDeploymentPostprocessing = 0;
		};
/* End PBXFrameworksBuildPhase section */

/* Begin PBXGroup section */
		041FD08E23E84A60002C2596 = {
			isa = PBXGroup;
			children = (
				041FD09923E84A60002C2596 /* ResturentAppTest */,
				041FD09823E84A60002C2596 /* Products */,
			);
			sourceTree = "<group>";
		};
		041FD09823E84A60002C2596 /* Products */ = {
			isa = PBXGroup;
			children = (
				041FD09723E84A60002C2596 /* ResturentAppTest.app */,
			);
			name = Products;
			sourceTree = "<group>";
		};
		041FD09923E84A60002C2596 /* ResturentAppTest */ = {
			isa = PBXGroup;
			children = (
				041FD09A23E84A60002C2596 /* AppDelegate.swift */,
				041FD09C23E84A60002C2596 /* ViewController.swift */,
				041FD09E23E84A60002C2596 /* Main.storyboard */,
				041FD0A423E84A64002C2596 /* Assets.xcassets */,
				041FD0A623E84A64002C2596 /* LaunchScreen.storyboard */,
				041FD0A923E84A64002C2596 /* Info.plist */,
				041FD0A123E84A60002C2596 /* ResturentAppTest.xcdatamodeld */,
			);
			path = ResturentAppTest;
			sourceTree = "<group>";
		};
/* End PBXGroup section */

/* Begin PBXNativeTarget section */
		041FD09623E84A60002C2596 /* ResturentAppTest */ = {
			isa = PBXNativeTarget;
			buildConfigurationList = 041FD0AC23E84A64002C2596 /* Build configuration list for PBXNativeTarget "ResturentAppTest" */;
			buildPhases = (
				041FD09323E84A60002C2596 /* Sources */,
				041FD09423E84A60002C2596 /* Frameworks */,
				041FD09523E84A60002C2596 /* Resources */,
			);
			buildRules = (
			);
			dependencies = (
			);
			name = ResturentAppTest;
			productName = ResturentAppTest;
			productReference = 041FD09723E84A60002C2596 /* ResturentAppTest.app */;
			productType = "com.apple.product-type.application";
		};
/* End PBXNativeTarget section */

/* Begin PBXProject section */
		041FD08F23E84A60002C2596 /* Project object */ = {
			isa = PBXProject;
			attributes = {
				LastSwiftUpdateCheck = 1030;
				LastUpgradeCheck = 1030;
				ORGANIZATIONNAME = mac;
				TargetAttributes = {
					041FD09623E84A60002C2596 = {
						CreatedOnToolsVersion = 10.3;
					};
				};
			};
			buildConfigurationList = 041FD09223E84A60002C2596 /* Build configuration list for PBXProject "ResturentAppTest" */;
			compatibilityVersion = "Xcode 9.3";
			developmentRegion = en;
			hasScannedForEncodings = 0;
			knownRegions = (
				en,
				Base,
			);
			mainGroup = 041FD08E23E84A60002C2596;
			productRefGroup = 041FD09823E84A60002C2596 /* Products */;
			projectDirPath = "";
			projectRoot = "";
			targets = (
				041FD09623E84A60002C2596 /* ResturentAppTest */,
			);
		};
/* End PBXProject section */

/* Begin PBXResourcesBuildPhase section */
		041FD09523E84A60002C2596 /* Resources */ = {
			isa = PBXResourcesBuildPhase;
			buildActionMask = 2147483647;
			files = (
				041FD0A823E84A64002C2596 /* LaunchScreen.storyboard in Resources */,
				041FD0A523E84A64002C2596 /* Assets.xcassets in Resources */,
				041FD0A023E84A60002C2596 /* Main.storyboard in Resources */,
			);
			runOnlyForDeploymentPostprocessing = 0;
		};
/* End PBXResourcesBuildPhase section */

/* Begin PBXSourcesBuildPhase section */
		041FD09323E84A60002C2596 /* Sources */ = {
			isa = PBXSourcesBuildPhase;
			buildActionMask = 2147483647;
			files = (
				041FD0A323E84A60002C2596 /* ResturentAppTest.xcdatamodeld in Sources */,
				041FD09D23E84A60002C2596 /* ViewController.swift in Sources */,
				041FD09B23E84A60002C2596 /* AppDelegate.swift in Sources */,
			);
			runOnlyForDeploymentPostprocessing = 0;
		};
/* End PBXSourcesBuildPhase section */

/* Begin PBXVariantGroup section */
		041FD09E23E84A60002C2596 /* Main.storyboard */ = {
			isa = PBXVariantGroup;
			children = (
				041FD09F23E84A60002C2596 /* Base */,
			);
			name = Main.storyboard;
			sourceTree = "<group>";
		};
		041FD0A623E84A64002C2596 /* LaunchScreen.storyboard */ = {
			isa = PBXVariantGroup;
			children = (
				041FD0A723E84A64002C2596 /* Base */,
			);
			name = LaunchScreen.storyboard;
			sourceTree = "<group>";
		};
/* End PBXVariantGroup section */

/* Begin XCBuildConfiguration section */
		041FD0AA23E84A64002C2596 /* Debug */ = {
			isa = XCBuildConfiguration;
			buildSettings = {
				ALWAYS_SEARCH_USER_PATHS = NO;
				CLANG_ANALYZER_NONNULL = YES;
				CLANG_ANALYZER_NUMBER_OBJECT_CONVERSION = YES_AGGRESSIVE;
				CLANG_CXX_LANGUAGE_STANDARD = "gnu++14";
				CLANG_CXX_LIBRARY = "libc++";
				CLANG_ENABLE_MODULES = YES;
				CLANG_ENABLE_OBJC_ARC = YES;
				CLANG_ENABLE_OBJC_WEAK = YES;
				CLANG_WARN_BLOCK_CAPTURE_AUTORELEASING = YES;
				CLANG_WARN_BOOL_CONVERSION = YES;
				CLANG_WARN_COMMA = YES;
				CLANG_WARN_CONSTANT_CONVERSION = YES;
				CLANG_WARN_DEPRECATED_OBJC_IMPLEMENTATIONS = YES;
				CLANG_WARN_DIRECT_OBJC_ISA_USAGE = YES_ERROR;
				CLANG_WARN_DOCUMENTATION_COMMENTS = YES;
				CLANG_WARN_EMPTY_BODY = YES;
				CLANG_WARN_ENUM_CONVERSION = YES;
				CLANG_WARN_INFINITE_RECURSION = YES;
				CLANG_WARN_INT_CONVERSION = YES;
				CLANG_WARN_NON_LITERAL_NULL_CONVERSION = YES;
				CLANG_WARN_OBJC_IMPLICIT_RETAIN_SELF = YES;
				CLANG_WARN_OBJC_LITERAL_CONVERSION = YES;
				CLANG_WARN_OBJC_ROOT_CLASS = YES_ERROR;
				CLANG_WARN_RANGE_LOOP_ANALYSIS = YES;
				CLANG_WARN_STRICT_PROTOTYPES = YES;
				CLANG_WARN_SUSPICIOUS_MOVE = YES;
				CLANG_WARN_UNGUARDED_AVAILABILITY = YES_AGGRESSIVE;
				CLANG_WARN_UNREACHABLE_CODE = YES;
				CLANG_WARN__DUPLICATE_METHOD_MATCH = YES;
				CODE_SIGN_IDENTITY = "iPhone Developer";
				COPY_PHASE_STRIP = NO;
				DEBUG_INFORMATION_FORMAT = dwarf;
				ENABLE_STRICT_OBJC_MSGSEND = YES;
				ENABLE_TESTABILITY = YES;
				GCC_C_LANGUAGE_STANDARD = gnu11;
				GCC_DYNAMIC_NO_PIC = NO;
				GCC_NO_COMMON_BLOCKS = YES;
				GCC_OPTIMIZATION_LEVEL = 0;
				GCC_PREPROCESSOR_DEFINITIONS = (
					"DEBUG=1",
					"$(inherited)",
				);
				GCC_WARN_64_TO_32_BIT_CONVERSION = YES;
				GCC_WARN_ABOUT_RETURN_TYPE = YES_ERROR;
				GCC_WARN_UNDECLARED_SELECTOR = YES;
				GCC_WARN_UNINITIALIZED_AUTOS = YES_AGGRESSIVE;
				GCC_WARN_UNUSED_FUNCTION = YES;
				GCC_WARN_UNUSED_VARIABLE = YES;
				IPHONEOS_DEPLOYMENT_TARGET = 12.4;
				MTL_ENABLE_DEBUG_INFO = INCLUDE_SOURCE;
				MTL_FAST_MATH = YES;
				ONLY_ACTIVE_ARCH = YES;
				SDKROOT = iphoneos;
				SWIFT_ACTIVE_COMPILATION_CONDITIONS = DEBUG;
				SWIFT_OPTIMIZATION_LEVEL = "-Onone";
			};
			name = Debug;
		};
		041FD0AB23E84A64002C2596 /* Release */ = {
			isa = XCBuildConfiguration;
			buildSettings = {
				ALWAYS_SEARCH_USER_PATHS = NO;
				CLANG_ANALYZER_NONNULL = YES;
				CLANG_ANALYZER_NUMBER_OBJECT_CONVERSION = YES_AGGRESSIVE;
				CLANG_CXX_LANGUAGE_STANDARD = "gnu++14";
				CLANG_CXX_LIBRARY = "libc++";
				CLANG_ENABLE_MODULES = YES;
				CLANG_ENABLE_OBJC_ARC = YES;
				CLANG_ENABLE_OBJC_WEAK = YES;
				CLANG_WARN_BLOCK_CAPTURE_AUTORELEASING = YES;
				CLANG_WARN_BOOL_CONVERSION = YES;
				CLANG_WARN_COMMA = YES;
				CLANG_WARN_CONSTANT_CONVERSION = YES;
				CLANG_WARN_DEPRECATED_OBJC_IMPLEMENTATIONS = YES;
				CLANG_WARN_DIRECT_OBJC_ISA_USAGE = YES_ERROR;
				CLANG_WARN_DOCUMENTATION_COMMENTS = YES;
				CLANG_WARN_EMPTY_BODY = YES;
				CLANG_WARN_ENUM_CONVERSION = YES;
				CLANG_WARN_INFINITE_RECURSION = YES;
				CLANG_WARN_INT_CONVERSION = YES;
				CLANG_WARN_NON_LITERAL_NULL_CONVERSION = YES;
				CLANG_WARN_OBJC_IMPLICIT_RETAIN_SELF = YES;
				CLANG_WARN_OBJC_LITERAL_CONVERSION = YES;
				CLANG_WARN_OBJC_ROOT_CLASS = YES_ERROR;
				CLANG_WARN_RANGE_LOOP_ANALYSIS = YES;
				CLANG_WARN_STRICT_PROTOTYPES = YES;
				CLANG_WARN_SUSPICIOUS_MOVE = YES;
				CLANG_WARN_UNGUARDED_AVAILABILITY = YES_AGGRESSIVE;
				CLANG_WARN_UNREACHABLE_CODE = YES;
				CLANG_WARN__DUPLICATE_METHOD_MATCH = YES;
				CODE_SIGN_IDENTITY = "iPhone Developer";
				COPY_PHASE_STRIP = NO;
				DEBUG_INFORMATION_FORMAT = "dwarf-with-dsym";
				ENABLE_NS_ASSERTIONS = NO;
				ENABLE_STRICT_OBJC_MSGSEND = YES;
				GCC_C_LANGUAGE_STANDARD = gnu11;
				GCC_NO_COMMON_BLOCKS = YES;
				GCC_WARN_64_TO_32_BIT_CONVERSION = YES;
				GCC_WARN_ABOUT_RETURN_TYPE = YES_ERROR;
				GCC_WARN_UNDECLARED_SELECTOR = YES;
				GCC_WARN_UNINITIALIZED_AUTOS = YES_AGGRESSIVE;
				GCC_WARN_UNUSED_FUNCTION = YES;
				GCC_WARN_UNUSED_VARIABLE = YES;
				IPHONEOS_DEPLOYMENT_TARGET = 12.4;
				MTL_ENABLE_DEBUG_INFO = NO;
				MTL_FAST_MATH = YES;
				SDKROOT = iphoneos;
				SWIFT_COMPILATION_MODE = wholemodule;
				SWIFT_OPTIMIZATION_LEVEL = "-O";
				VALIDATE_PRODUCT = YES;
			};
			name = Release;
		};
		041FD0AD23E84A64002C2596 /* Debug */ = {
			isa = XCBuildConfiguration;
			buildSettings = {
				ASSETCATALOG_COMPILER_APPICON_NAME = AppIcon;
				CODE_SIGN_STYLE = Automatic;
				DEVELOPMENT_TEAM = 9W5XWBS7D3;
				INFOPLIST_FILE = ResturentAppTest/Info.plist;
				LD_RUNPATH_SEARCH_PATHS = (
					"$(inherited)",
					"@executable_path/Frameworks",
				);
				PRODUCT_BUNDLE_IDENTIFIER = example.com.ResturentAppTest;
				PRODUCT_NAME = "$(TARGET_NAME)";
				SWIFT_VERSION = 5.0;
				TARGETED_DEVICE_FAMILY = "1,2";
			};
			name = Debug;
		};
		041FD0AE23E84A64002C2596 /* Release */ = {
			isa = XCBuildConfiguration;
			buildSettings = {
				ASSETCATALOG_COMPILER_APPICON_NAME = AppIcon;
				CODE_SIGN_STYLE = Automatic;
				DEVELOPMENT_TEAM = 9W5XWBS7D3;
				INFOPLIST_FILE = ResturentAppTest/Info.plist;
				LD_RUNPATH_SEARCH_PATHS = (
					"$(inherited)",
					"@executable_path/Frameworks",
				);
				PRODUCT_BUNDLE_IDENTIFIER = example.com.ResturentAppTest;
				PRODUCT_NAME = "$(TARGET_NAME)";
				SWIFT_VERSION = 5.0;
				TARGETED_DEVICE_FAMILY = "1,2";
			};
			name = Release;
		};
/* End XCBuildConfiguration section */

/* Begin XCConfigurationList section */
		041FD09223E84A60002C2596 /* Build configuration list for PBXProject "ResturentAppTest" */ = {
			isa = XCConfigurationList;
			buildConfigurations = (
				041FD0AA23E84A64002C2596 /* Debug */,
				041FD0AB23E84A64002C2596 /* Release */,
			);
			defaultConfigurationIsVisible = 0;
			defaultConfigurationName = Release;
		};
		041FD0AC23E84A64002C2596 /* Build configuration list for PBXNativeTarget "ResturentAppTest" */ = {
			isa = XCConfigurationList;
			buildConfigurations = (
				041FD0AD23E84A64002C2596 /* Debug */,
				041FD0AE23E84A64002C2596 /* Release */,
			);
			defaultConfigurationIsVisible = 0;
			defaultConfigurationName = Release;
		};
/* End XCConfigurationList section */

/* Begin XCVersionGroup section */
		041FD0A123E84A60002C2596 /* ResturentAppTest.xcdatamodeld */ = {
			isa = XCVersionGroup;
			children = (
				041FD0A223E84A60002C2596 /* ResturentAppTest.xcdatamodel */,
			);
			currentVersion = 041FD0A223E84A60002C2596 /* ResturentAppTest.xcdatamodel */;
			path = ResturentAppTest.xcdatamodeld;
			sourceTree = "<group>";
			versionGroupType = wrapper.xcdatamodel;
		};
/* End XCVersionGroup section */
	};
	rootObject = 041FD08F23E84A60002C2596 /* Project object */;
}
